// !$*UTF8*$!
{
	archiveVersion = 1;
	classes = {
	};
	objectVersion = 45;
	objects = {

/* Begin PBXFileReference section */
		228D541011DB3CEB00258478 /* PythonSampleAgents.py */ = {isa = PBXFileReference; fileEncoding = 4; lastKnownFileType = text.script.python; path = PythonSampleAgents.py; sourceTree = "<group>"; };
		228D541311DB443B00258478 /* CSampleAgents.py */ = {isa = PBXFileReference; fileEncoding = 4; lastKnownFileType = text.script.python; path = CSampleAgents.py; sourceTree = "<group>"; };
		22CA010611D9BD51001ECDEF /* bundle-agent.sh */ = {isa = PBXFileReference; fileEncoding = 4; lastKnownFileType = text.script.sh; name = "bundle-agent.sh"; path = "link/bundle-agent.sh"; sourceTree = "<group>"; };
		22CA010711D9C52B001ECDEF /* cAgent.py */ = {isa = PBXFileReference; fileEncoding = 4; lastKnownFileType = text.script.python; name = cAgent.py; path = link/cAgent.py; sourceTree = "<group>"; };
		22CAFEEA11D84076001ECDEF /* LICENSE */ = {isa = PBXFileReference; fileEncoding = 4; lastKnownFileType = text; path = LICENSE; sourceTree = "<group>"; };
		22CAFEEB11D84076001ECDEF /* README */ = {isa = PBXFileReference; fileEncoding = 4; lastKnownFileType = text; path = README; sourceTree = "<group>"; };
		22CAFEEC11D84076001ECDEF /* rpsconst.py */ = {isa = PBXFileReference; fileEncoding = 4; lastKnownFileType = text.script.python; path = rpsconst.py; sourceTree = "<group>"; };
		22CAFEED11D84076001ECDEF /* SampleAgents.py */ = {isa = PBXFileReference; fileEncoding = 4; lastKnownFileType = text.script.python; path = SampleAgents.py; sourceTree = "<group>"; };
		22CAFEEE11D84076001ECDEF /* selectAlgorithms.py */ = {isa = PBXFileReference; fileEncoding = 4; lastKnownFileType = text.script.python; path = selectAlgorithms.py; sourceTree = "<group>"; };
		22CAFEEF11D84076001ECDEF /* simulate.py */ = {isa = PBXFileReference; fileEncoding = 4; lastKnownFileType = text.script.python; path = simulate.py; sourceTree = "<group>"; };
		22CAFEF011D84076001ECDEF /* uccProgComp.py */ = {isa = PBXFileReference; fileEncoding = 4; lastKnownFileType = text.script.python; path = uccProgComp.py; sourceTree = "<group>"; };
		22CAFF7B11D840E3001ECDEF /* __init__.py */ = {isa = PBXFileReference; fileEncoding = 4; lastKnownFileType = text.script.python; name = __init__.py; path = link/__init__.py; sourceTree = "<group>"; };
		22CAFF7C11D840E3001ECDEF /* externAgent.py */ = {isa = PBXFileReference; fileEncoding = 4; lastKnownFileType = text.script.python; name = externAgent.py; path = link/externAgent.py; sourceTree = "<group>"; };
/* End PBXFileReference section */

/* Begin PBXGroup section */
		08FB7794FE84155DC02AAC07 /* progcomp */ = {
			isa = PBXGroup;
			children = (
				22CAFF7711D840CB001ECDEF /* link */,
				22CAFEEA11D84076001ECDEF /* LICENSE */,
				22CAFEEB11D84076001ECDEF /* README */,
				22CAFEEC11D84076001ECDEF /* rpsconst.py */,
				22CAFEED11D84076001ECDEF /* SampleAgents.py */,
				22CAFEEE11D84076001ECDEF /* selectAlgorithms.py */,
				22CAFEEF11D84076001ECDEF /* simulate.py */,
				22CAFEF011D84076001ECDEF /* uccProgComp.py */,
				228D540F11DB3CEB00258478 /* arenas */,
			);
			name = progcomp;
			sourceTree = "<group>";
		};
		228D540F11DB3CEB00258478 /* arenas */ = {
			isa = PBXGroup;
			children = (
				228D541011DB3CEB00258478 /* PythonSampleAgents.py */,
				228D541311DB443B00258478 /* CSampleAgents.py */,
			);
			path = arenas;
			sourceTree = "<group>";
		};
		22CAFF7711D840CB001ECDEF /* link */ = {
			isa = PBXGroup;
			children = (
				22CA010711D9C52B001ECDEF /* cAgent.py */,
				22CAFF7B11D840E3001ECDEF /* __init__.py */,
				22CAFF7C11D840E3001ECDEF /* externAgent.py */,
				22CA010611D9BD51001ECDEF /* bundle-agent.sh */,
			);
			name = link;
			sourceTree = "<group>";
		};
/* End PBXGroup section */

/* Begin PBXLegacyTarget section */
		D28A88AD04BDD90700651E21 /* progcomp */ = {
			isa = PBXLegacyTarget;
			buildArgumentsString = "$(ACTION)";
			buildConfigurationList = 1DEB918F08733D9F0010E9CD /* Build configuration list for PBXLegacyTarget "progcomp" */;
			buildPhases = (
			);
			buildToolPath = /usr/bin/make;
			dependencies = (
			);
			name = progcomp;
			passBuildSettingsInEnvironment = 1;
			productName = progcomp;
		};
/* End PBXLegacyTarget section */

/* Begin PBXProject section */
		08FB7793FE84155DC02AAC07 /* Project object */ = {
			isa = PBXProject;
			buildConfigurationList = 1DEB919308733D9F0010E9CD /* Build configuration list for PBXProject "progcomp" */;
			compatibilityVersion = "Xcode 3.1";
			hasScannedForEncodings = 1;
			mainGroup = 08FB7794FE84155DC02AAC07 /* progcomp */;
			projectDirPath = "";
			projectRoot = "";
			targets = (
				D28A88AD04BDD90700651E21 /* progcomp */,
			);
		};
/* End PBXProject section */

/* Begin XCBuildConfiguration section */
		1DEB919008733D9F0010E9CD /* Debug */ = {
			isa = XCBuildConfiguration;
			buildSettings = {
				COPY_PHASE_STRIP = NO;
				DEBUGGING_SYMBOLS = YES;
				GCC_DYNAMIC_NO_PIC = NO;
				GCC_ENABLE_FIX_AND_CONTINUE = YES;
				GCC_GENERATE_DEBUGGING_SYMBOLS = YES;
				GCC_OPTIMIZATION_LEVEL = 0;
				OTHER_CFLAGS = "";
				OTHER_LDFLAGS = "";
				PRODUCT_NAME = progcomp;
			};
			name = Debug;
		};
		1DEB919108733D9F0010E9CD /* Release */ = {
			isa = XCBuildConfiguration;
			buildSettings = {
				COPY_PHASE_STRIP = YES;
				GCC_ENABLE_FIX_AND_CONTINUE = NO;
				OTHER_CFLAGS = "";
				OTHER_LDFLAGS = "";
				PRODUCT_NAME = progcomp;
			};
			name = Release;
		};
		1DEB919408733D9F0010E9CD /* Debug */ = {
			isa = XCBuildConfiguration;
			buildSettings = {
				ARCHS = "$(ARCHS_STANDARD_32_BIT)";
				GCC_WARN_ABOUT_RETURN_TYPE = YES;
				GCC_WARN_UNUSED_VARIABLE = YES;
				ONLY_ACTIVE_ARCH = YES;
				PREBINDING = NO;
				SDKROOT = macosx10.6;
			};
			name = Debug;
		};
		1DEB919508733D9F0010E9CD /* Release */ = {
			isa = XCBuildConfiguration;
			buildSettings = {
				ARCHS = "$(ARCHS_STANDARD_32_BIT)";
				GCC_WARN_ABOUT_RETURN_TYPE = YES;
				GCC_WARN_UNUSED_VARIABLE = YES;
				PREBINDING = NO;
				SDKROOT = macosx10.6;
			};
			name = Release;
		};
/* End XCBuildConfiguration section */

/* Begin XCConfigurationList section */
		1DEB918F08733D9F0010E9CD /* Build configuration list for PBXLegacyTarget "progcomp" */ = {
			isa = XCConfigurationList;
			buildConfigurations = (
				1DEB919008733D9F0010E9CD /* Debug */,
				1DEB919108733D9F0010E9CD /* Release */,
			);
			defaultConfigurationIsVisible = 0;
			defaultConfigurationName = Release;
		};
		1DEB919308733D9F0010E9CD /* Build configuration list for PBXProject "progcomp" */ = {
			isa = XCConfigurationList;
			buildConfigurations = (
				1DEB919408733D9F0010E9CD /* Debug */,
				1DEB919508733D9F0010E9CD /* Release */,
			);
			defaultConfigurationIsVisible = 0;
			defaultConfigurationName = Release;
		};
/* End XCConfigurationList section */
	};
	rootObject = 08FB7793FE84155DC02AAC07 /* Project object */;
}
